
Microsoft Visual Studio Solution File, Format Version 12.00
# Visual Studio Version 17
VisualStudioVersion = 17.7.34221.43
MinimumVisualStudioVersion = 10.0.40219.1
Project("{FAE04EC0-301F-11D3-BF4B-00C04F79EFBC}") = "Challenge 2", "Challenge 2\Challenge 2.csproj", "{D54381D7-729A-49CF-97E9-31D3DE12A6AB}"
EndProject
Project("{9A19103F-16F7-4668-BE54-9A1E7A4F7556}") = "Challenge 1", "Challenge 1\Challenge 1.csproj", "{DC58CCF2-708B-4581-9815-2E9E6E79047F}"
EndProject
Project("{9A19103F-16F7-4668-BE54-9A1E7A4F7556}") = "Challenge 3", "Challenge 3\Challenge 3.csproj", "{458E3C14-F17D-4F8B-AB47-D3A3FD027406}"
EndProject
Global
	GlobalSection(SolutionConfigurationPlatforms) = preSolution
		Debug|Any CPU = Debug|Any CPU
		Release|Any CPU = Release|Any CPU
	EndGlobalSection
	GlobalSection(ProjectConfigurationPlatforms) = postSolution
		{D54381D7-729A-49CF-97E9-31D3DE12A6AB}.Debug|Any CPU.ActiveCfg = Debug|Any CPU
		{D54381D7-729A-49CF-97E9-31D3DE12A6AB}.Debug|Any CPU.Build.0 = Debug|Any CPU
		{D54381D7-729A-49CF-97E9-31D3DE12A6AB}.Release|Any CPU.ActiveCfg = Release|Any CPU
		{D54381D7-729A-49CF-97E9-31D3DE12A6AB}.Release|Any CPU.Build.0 = Release|Any CPU
		{DC58CCF2-708B-4581-9815-2E9E6E79047F}.Debug|Any CPU.ActiveCfg = Debug|Any CPU
		{DC58CCF2-708B-4581-9815-2E9E6E79047F}.Debug|Any CPU.Build.0 = Debug|Any CPU
		{DC58CCF2-708B-4581-9815-2E9E6E79047F}.Release|Any CPU.ActiveCfg = Release|Any CPU
		{DC58CCF2-708B-4581-9815-2E9E6E79047F}.Release|Any CPU.Build.0 = Release|Any CPU
		{458E3C14-F17D-4F8B-AB47-D3A3FD027406}.Debug|Any CPU.ActiveCfg = Debug|Any CPU
		{458E3C14-F17D-4F8B-AB47-D3A3FD027406}.Debug|Any CPU.Build.0 = Debug|Any CPU
		{458E3C14-F17D-4F8B-AB47-D3A3FD027406}.Release|Any CPU.ActiveCfg = Release|Any CPU
		{458E3C14-F17D-4F8B-AB47-D3A3FD027406}.Release|Any CPU.Build.0 = Release|Any CPU
	EndGlobalSection
	GlobalSection(SolutionProperties) = preSolution
		HideSolutionNode = FALSE
	EndGlobalSection
	GlobalSection(ExtensibilityGlobals) = postSolution
		SolutionGuid = {0F6EB7FB-7DF1-4BA7-94CB-0D0D3988EA3A}
	EndGlobalSection
EndGlobal
